
Microsoft Visual Studio Solution File, Format Version 12.00
# Visual Studio 15
VisualStudioVersion = 15.0.28307.489
MinimumVisualStudioVersion = 10.0.40219.1
Project("{FAE04EC0-301F-11D3-BF4B-00C04F79EFBC}") = "JsonParser", "JsonParser\JsonParser.csproj", "{3CB49935-567A-41E6-83CE-F9DE5F0A265D}"
EndProject
Global
	GlobalSection(SolutionConfigurationPlatforms) = preSolution
		Debug|Any CPU = Debug|Any CPU
		Release|Any CPU = Release|Any CPU
	EndGlobalSection
	GlobalSection(ProjectConfigurationPlatforms) = postSolution
		{3CB49935-567A-41E6-83CE-F9DE5F0A265D}.Debug|Any CPU.ActiveCfg = Debug|Any CPU
		{3CB49935-567A-41E6-83CE-F9DE5F0A265D}.Debug|Any CPU.Build.0 = Debug|Any CPU
		{3CB49935-567A-41E6-83CE-F9DE5F0A265D}.Release|Any CPU.ActiveCfg = Release|Any CPU
		{3CB49935-567A-41E6-83CE-F9DE5F0A265D}.Release|Any CPU.Build.0 = Release|Any CPU
	EndGlobalSection
	GlobalSection(SolutionProperties) = preSolution
		HideSolutionNode = FALSE
	EndGlobalSection
	GlobalSection(ExtensibilityGlobals) = postSolution
		SolutionGuid = {930272F1-4693-4C11-ABB3-E92067480F4E}
	EndGlobalSection
EndGlobal
